github.com/scrollodex/hugo-modules v0.0.0-20210916173401-35e8b4550400 h1:QXT+9AF3h0HCO5o6t/VFueg7Kn6ytYQuCrLUPCQL9fM=
github.com/scrollodex/hugo-modules v0.0.0-20210916173401-35e8b4550400/go.mod h1:qUn88OkbjG5MsLjkO4lNyRmo4hJy+EA32zos/3H5+9M=
github.com/twbs/bootstrap v5.1.0+incompatible/go.mod h1:fZTSrkpSf0/HkL0IIJzvVspTt1r9zuf7XlZau8kpcY0=
github.com/twbs/bootstrap v5.1.1+incompatible h1:MotB0ZzCw8VdxnoQnX2wZXQWj9md2fVT/kpaqToiOO8=
github.com/twbs/bootstrap v5.1.1+incompatible/go.mod h1:fZTSrkpSf0/HkL0IIJzvVspTt1r9zuf7XlZau8kpcY0=
